
Microsoft Visual Studio Solution File, Format Version 12.00
# Visual Studio Version 17
VisualStudioVersion = 17.5.33516.290
MinimumVisualStudioVersion = 10.0.40219.1
Project("{9A19103F-16F7-4668-BE54-9A1E7A4F7556}") = "MegaApp", "MegaApp\MegaApp.csproj", "{B122DD88-C90E-47C3-BE0A-B00925701AA3}"
EndProject
Project("{9A19103F-16F7-4668-BE54-9A1E7A4F7556}") = "MegaApp.Core", "MegaApp.Core\MegaApp.Core.csproj", "{0E01E3FC-2FB7-46A0-99C1-29C276C02A9D}"
EndProject
Project("{9A19103F-16F7-4668-BE54-9A1E7A4F7556}") = "MegaApp.Infrastructure", "MegaApp.Infrastructure\MegaApp.Infrastructure.csproj", "{5219FF21-35C0-4671-BABE-2C7B00050AB5}"
EndProject
Project("{9A19103F-16F7-4668-BE54-9A1E7A4F7556}") = "MegaApp.Generator", "MegaApp.Generator\MegaApp.Generator.csproj", "{B73C066E-DF5D-48EF-AA4D-6A2D666E259F}"
EndProject
Project("{9A19103F-16F7-4668-BE54-9A1E7A4F7556}") = "MegaApp.Util", "MegaApp.Util\MegaApp.Util.csproj", "{69164017-1CAB-49A1-B3AF-F3B0A2EC00D6}"
EndProject
Project("{FAE04EC0-301F-11D3-BF4B-00C04F79EFBC}") = "MegaApp.Functions", "MegaApp.Functions\MegaApp.Functions.csproj", "{9039AEE6-06CA-42BD-8FEF-9749870D462F}"
EndProject
Global
	GlobalSection(SolutionConfigurationPlatforms) = preSolution
		Debug|Any CPU = Debug|Any CPU
		Release|Any CPU = Release|Any CPU
	EndGlobalSection
	GlobalSection(ProjectConfigurationPlatforms) = postSolution
		{B122DD88-C90E-47C3-BE0A-B00925701AA3}.Debug|Any CPU.ActiveCfg = Debug|Any CPU
		{B122DD88-C90E-47C3-BE0A-B00925701AA3}.Debug|Any CPU.Build.0 = Debug|Any CPU
		{B122DD88-C90E-47C3-BE0A-B00925701AA3}.Release|Any CPU.ActiveCfg = Release|Any CPU
		{B122DD88-C90E-47C3-BE0A-B00925701AA3}.Release|Any CPU.Build.0 = Release|Any CPU
		{0E01E3FC-2FB7-46A0-99C1-29C276C02A9D}.Debug|Any CPU.ActiveCfg = Debug|Any CPU
		{0E01E3FC-2FB7-46A0-99C1-29C276C02A9D}.Debug|Any CPU.Build.0 = Debug|Any CPU
		{0E01E3FC-2FB7-46A0-99C1-29C276C02A9D}.Release|Any CPU.ActiveCfg = Release|Any CPU
		{0E01E3FC-2FB7-46A0-99C1-29C276C02A9D}.Release|Any CPU.Build.0 = Release|Any CPU
		{5219FF21-35C0-4671-BABE-2C7B00050AB5}.Debug|Any CPU.ActiveCfg = Debug|Any CPU
		{5219FF21-35C0-4671-BABE-2C7B00050AB5}.Debug|Any CPU.Build.0 = Debug|Any CPU
		{5219FF21-35C0-4671-BABE-2C7B00050AB5}.Release|Any CPU.ActiveCfg = Release|Any CPU
		{5219FF21-35C0-4671-BABE-2C7B00050AB5}.Release|Any CPU.Build.0 = Release|Any CPU
		{B73C066E-DF5D-48EF-AA4D-6A2D666E259F}.Debug|Any CPU.ActiveCfg = Debug|Any CPU
		{B73C066E-DF5D-48EF-AA4D-6A2D666E259F}.Debug|Any CPU.Build.0 = Debug|Any CPU
		{B73C066E-DF5D-48EF-AA4D-6A2D666E259F}.Release|Any CPU.ActiveCfg = Release|Any CPU
		{B73C066E-DF5D-48EF-AA4D-6A2D666E259F}.Release|Any CPU.Build.0 = Release|Any CPU
		{69164017-1CAB-49A1-B3AF-F3B0A2EC00D6}.Debug|Any CPU.ActiveCfg = Debug|Any CPU
		{69164017-1CAB-49A1-B3AF-F3B0A2EC00D6}.Debug|Any CPU.Build.0 = Debug|Any CPU
		{69164017-1CAB-49A1-B3AF-F3B0A2EC00D6}.Release|Any CPU.ActiveCfg = Release|Any CPU
		{69164017-1CAB-49A1-B3AF-F3B0A2EC00D6}.Release|Any CPU.Build.0 = Release|Any CPU
		{9039AEE6-06CA-42BD-8FEF-9749870D462F}.Debug|Any CPU.ActiveCfg = Debug|Any CPU
		{9039AEE6-06CA-42BD-8FEF-9749870D462F}.Debug|Any CPU.Build.0 = Debug|Any CPU
		{9039AEE6-06CA-42BD-8FEF-9749870D462F}.Release|Any CPU.ActiveCfg = Release|Any CPU
		{9039AEE6-06CA-42BD-8FEF-9749870D462F}.Release|Any CPU.Build.0 = Release|Any CPU
	EndGlobalSection
	GlobalSection(SolutionProperties) = preSolution
		HideSolutionNode = FALSE
	EndGlobalSection
	GlobalSection(ExtensibilityGlobals) = postSolution
		SolutionGuid = {06DC715A-0081-408A-8DDE-DE4D1BD52C5A}
	EndGlobalSection
EndGlobal
